// !$*UTF8*$!
{
	archiveVersion = 1;
	classes = {
	};
	objectVersion = 46;
	objects = {

/* Begin PBXBuildFile section */
		21A2C2181D38747500BA708F /* AppDelegate.swift in Sources */ = {isa = PBXBuildFile; fileRef = 21A2C2171D38747500BA708F /* AppDelegate.swift */; };
		21A2C21A1D38747500BA708F /* LoginVC.swift in Sources */ = {isa = PBXBuildFile; fileRef = 21A2C2191D38747500BA708F /* LoginVC.swift */; };
		21A2C21D1D38747600BA708F /* Main.storyboard in Resources */ = {isa = PBXBuildFile; fileRef = 21A2C21B1D38747600BA708F /* Main.storyboard */; };
		21A2C2201D38747600BA708F /* ThingsToDo.xcdatamodeld in Sources */ = {isa = PBXBuildFile; fileRef = 21A2C21E1D38747600BA708F /* ThingsToDo.xcdatamodeld */; };
		21A2C2221D38747600BA708F /* Assets.xcassets in Resources */ = {isa = PBXBuildFile; fileRef = 21A2C2211D38747600BA708F /* Assets.xcassets */; };
		21A2C2251D38747600BA708F /* LaunchScreen.storyboard in Resources */ = {isa = PBXBuildFile; fileRef = 21A2C2231D38747600BA708F /* LaunchScreen.storyboard */; };
		21A2C2301D38747600BA708F /* ThingsToDoTests.swift in Sources */ = {isa = PBXBuildFile; fileRef = 21A2C22F1D38747600BA708F /* ThingsToDoTests.swift */; };
		21A2C23B1D38747600BA708F /* ThingsToDoUITests.swift in Sources */ = {isa = PBXBuildFile; fileRef = 21A2C23A1D38747600BA708F /* ThingsToDoUITests.swift */; };
		21C196BE1D387D3B0057AEAF /* FoldersTVC.swift in Sources */ = {isa = PBXBuildFile; fileRef = 21C196BD1D387D3B0057AEAF /* FoldersTVC.swift */; };
		21C196C71D389C3F0057AEAF /* TabBarViewController.swift in Sources */ = {isa = PBXBuildFile; fileRef = 21C196C61D389C3F0057AEAF /* TabBarViewController.swift */; };
		21C196C91D389CA20057AEAF /* TransitioningObject.swift in Sources */ = {isa = PBXBuildFile; fileRef = 21C196C81D389CA20057AEAF /* TransitioningObject.swift */; };
/* End PBXBuildFile section */

/* Begin PBXContainerItemProxy section */
		21A2C22C1D38747600BA708F /* PBXContainerItemProxy */ = {
			isa = PBXContainerItemProxy;
			containerPortal = 21A2C20C1D38747500BA708F /* Project object */;
			proxyType = 1;
			remoteGlobalIDString = 21A2C2131D38747500BA708F;
			remoteInfo = ThingsToDo;
		};
		21A2C2371D38747600BA708F /* PBXContainerItemProxy */ = {
			isa = PBXContainerItemProxy;
			containerPortal = 21A2C20C1D38747500BA708F /* Project object */;
			proxyType = 1;
			remoteGlobalIDString = 21A2C2131D38747500BA708F;
			remoteInfo = ThingsToDo;
		};
/* End PBXContainerItemProxy section */

/* Begin PBXFileReference section */
		21A2C2141D38747500BA708F /* ThingsToDo.app */ = {isa = PBXFileReference; explicitFileType = wrapper.application; includeInIndex = 0; path = ThingsToDo.app; sourceTree = BUILT_PRODUCTS_DIR; };
		21A2C2171D38747500BA708F /* AppDelegate.swift */ = {isa = PBXFileReference; lastKnownFileType = sourcecode.swift; path = AppDelegate.swift; sourceTree = "<group>"; };
		21A2C2191D38747500BA708F /* LoginVC.swift */ = {isa = PBXFileReference; lastKnownFileType = sourcecode.swift; path = LoginVC.swift; sourceTree = "<group>"; };
		21A2C21C1D38747600BA708F /* Base */ = {isa = PBXFileReference; lastKnownFileType = file.storyboard; name = Base; path = Base.lproj/Main.storyboard; sourceTree = "<group>"; };
		21A2C21F1D38747600BA708F /* ThingsToDo.xcdatamodel */ = {isa = PBXFileReference; lastKnownFileType = wrapper.xcdatamodel; path = ThingsToDo.xcdatamodel; sourceTree = "<group>"; };
		21A2C2211D38747600BA708F /* Assets.xcassets */ = {isa = PBXFileReference; lastKnownFileType = folder.assetcatalog; path = Assets.xcassets; sourceTree = "<group>"; };
		21A2C2241D38747600BA708F /* Base */ = {isa = PBXFileReference; lastKnownFileType = file.storyboard; name = Base; path = Base.lproj/LaunchScreen.storyboard; sourceTree = "<group>"; };
		21A2C2261D38747600BA708F /* Info.plist */ = {isa = PBXFileReference; lastKnownFileType = text.plist.xml; path = Info.plist; sourceTree = "<group>"; };
		21A2C22B1D38747600BA708F /* ThingsToDoTests.xctest */ = {isa = PBXFileReference; explicitFileType = wrapper.cfbundle; includeInIndex = 0; path = ThingsToDoTests.xctest; sourceTree = BUILT_PRODUCTS_DIR; };
		21A2C22F1D38747600BA708F /* ThingsToDoTests.swift */ = {isa = PBXFileReference; lastKnownFileType = sourcecode.swift; path = ThingsToDoTests.swift; sourceTree = "<group>"; };
		21A2C2311D38747600BA708F /* Info.plist */ = {isa = PBXFileReference; lastKnownFileType = text.plist.xml; path = Info.plist; sourceTree = "<group>"; };
		21A2C2361D38747600BA708F /* ThingsToDoUITests.xctest */ = {isa = PBXFileReference; explicitFileType = wrapper.cfbundle; includeInIndex = 0; path = ThingsToDoUITests.xctest; sourceTree = BUILT_PRODUCTS_DIR; };
		21A2C23A1D38747600BA708F /* ThingsToDoUITests.swift */ = {isa = PBXFileReference; lastKnownFileType = sourcecode.swift; path = ThingsToDoUITests.swift; sourceTree = "<group>"; };
		21A2C23C1D38747600BA708F /* Info.plist */ = {isa = PBXFileReference; lastKnownFileType = text.plist.xml; path = Info.plist; sourceTree = "<group>"; };
		21C196BD1D387D3B0057AEAF /* FoldersTVC.swift */ = {isa = PBXFileReference; fileEncoding = 4; lastKnownFileType = sourcecode.swift; path = FoldersTVC.swift; sourceTree = "<group>"; };
		21C196C61D389C3F0057AEAF /* TabBarViewController.swift */ = {isa = PBXFileReference; fileEncoding = 4; lastKnownFileType = sourcecode.swift; name = TabBarViewController.swift; path = ../TabBarViewController.swift; sourceTree = "<group>"; };
		21C196C81D389CA20057AEAF /* TransitioningObject.swift */ = {isa = PBXFileReference; fileEncoding = 4; lastKnownFileType = sourcecode.swift; path = TransitioningObject.swift; sourceTree = "<group>"; };
/* End PBXFileReference section */

/* Begin PBXFrameworksBuildPhase section */
		21A2C2111D38747500BA708F /* Frameworks */ = {
			isa = PBXFrameworksBuildPhase;
			buildActionMask = 2147483647;
			files = (
			);
			runOnlyForDeploymentPostprocessing = 0;
		};
		21A2C2281D38747600BA708F /* Frameworks */ = {
			isa = PBXFrameworksBuildPhase;
			buildActionMask = 2147483647;
			files = (
			);
			runOnlyForDeploymentPostprocessing = 0;
		};
		21A2C2331D38747600BA708F /* Frameworks */ = {
			isa = PBXFrameworksBuildPhase;
			buildActionMask = 2147483647;
			files = (
			);
			runOnlyForDeploymentPostprocessing = 0;
		};
/* End PBXFrameworksBuildPhase section */

/* Begin PBXGroup section */
		21A2C20B1D38747500BA708F = {
			isa = PBXGroup;
			children = (
				21A2C2161D38747500BA708F /* ThingsToDo */,
				21A2C22E1D38747600BA708F /* ThingsToDoTests */,
				21A2C2391D38747600BA708F /* ThingsToDoUITests */,
				21A2C2151D38747500BA708F /* Products */,
			);
			sourceTree = "<group>";
		};
		21A2C2151D38747500BA708F /* Products */ = {
			isa = PBXGroup;
			children = (
				21A2C2141D38747500BA708F /* ThingsToDo.app */,
				21A2C22B1D38747600BA708F /* ThingsToDoTests.xctest */,
				21A2C2361D38747600BA708F /* ThingsToDoUITests.xctest */,
			);
			name = Products;
			sourceTree = "<group>";
		};
		21A2C2161D38747500BA708F /* ThingsToDo */ = {
			isa = PBXGroup;
			children = (
				21C196C11D388BD60057AEAF /* Controller */,
				21C196C01D388BCF0057AEAF /* Model */,
				21C196BF1D388BC70057AEAF /* View */,
				21A2C2171D38747500BA708F /* AppDelegate.swift */,
				21A2C2261D38747600BA708F /* Info.plist */,
				21A2C21E1D38747600BA708F /* ThingsToDo.xcdatamodeld */,
			);
			path = ThingsToDo;
			sourceTree = "<group>";
		};
		21A2C22E1D38747600BA708F /* ThingsToDoTests */ = {
			isa = PBXGroup;
			children = (
				21A2C22F1D38747600BA708F /* ThingsToDoTests.swift */,
				21A2C2311D38747600BA708F /* Info.plist */,
			);
			path = ThingsToDoTests;
			sourceTree = "<group>";
		};
		21A2C2391D38747600BA708F /* ThingsToDoUITests */ = {
			isa = PBXGroup;
			children = (
				21A2C23A1D38747600BA708F /* ThingsToDoUITests.swift */,
				21A2C23C1D38747600BA708F /* Info.plist */,
			);
			path = ThingsToDoUITests;
			sourceTree = "<group>";
		};
		21C196BF1D388BC70057AEAF /* View */ = {
			isa = PBXGroup;
			children = (
				21A2C21B1D38747600BA708F /* Main.storyboard */,
				21A2C2211D38747600BA708F /* Assets.xcassets */,
				21A2C2231D38747600BA708F /* LaunchScreen.storyboard */,
			);
			name = View;
			sourceTree = "<group>";
		};
		21C196C01D388BCF0057AEAF /* Model */ = {
			isa = PBXGroup;
			children = (
			);
			name = Model;
			sourceTree = "<group>";
		};
		21C196C11D388BD60057AEAF /* Controller */ = {
			isa = PBXGroup;
			children = (
				21C196C61D389C3F0057AEAF /* TabBarViewController.swift */,
				21C196C81D389CA20057AEAF /* TransitioningObject.swift */,
				21A2C2191D38747500BA708F /* LoginVC.swift */,
				21C196BD1D387D3B0057AEAF /* FoldersTVC.swift */,
			);
			name = Controller;
			sourceTree = "<group>";
		};
/* End PBXGroup section */

/* Begin PBXNativeTarget section */
		21A2C2131D38747500BA708F /* ThingsToDo */ = {
			isa = PBXNativeTarget;
			buildConfigurationList = 21A2C23F1D38747600BA708F /* Build configuration list for PBXNativeTarget "ThingsToDo" */;
			buildPhases = (
				21A2C2101D38747500BA708F /* Sources */,
				21A2C2111D38747500BA708F /* Frameworks */,
				21A2C2121D38747500BA708F /* Resources */,
			);
			buildRules = (
			);
			dependencies = (
			);
			name = ThingsToDo;
			productName = ThingsToDo;
			productReference = 21A2C2141D38747500BA708F /* ThingsToDo.app */;
			productType = "com.apple.product-type.application";
		};
		21A2C22A1D38747600BA708F /* ThingsToDoTests */ = {
			isa = PBXNativeTarget;
			buildConfigurationList = 21A2C2421D38747600BA708F /* Build configuration list for PBXNativeTarget "ThingsToDoTests" */;
			buildPhases = (
				21A2C2271D38747600BA708F /* Sources */,
				21A2C2281D38747600BA708F /* Frameworks */,
				21A2C2291D38747600BA708F /* Resources */,
			);
			buildRules = (
			);
			dependencies = (
				21A2C22D1D38747600BA708F /* PBXTargetDependency */,
			);
			name = ThingsToDoTests;
			productName = ThingsToDoTests;
			productReference = 21A2C22B1D38747600BA708F /* ThingsToDoTests.xctest */;
			productType = "com.apple.product-type.bundle.unit-test";
		};
		21A2C2351D38747600BA708F /* ThingsToDoUITests */ = {
			isa = PBXNativeTarget;
			buildConfigurationList = 21A2C2451D38747600BA708F /* Build configuration list for PBXNativeTarget "ThingsToDoUITests" */;
			buildPhases = (
				21A2C2321D38747600BA708F /* Sources */,
				21A2C2331D38747600BA708F /* Frameworks */,
				21A2C2341D38747600BA708F /* Resources */,
			);
			buildRules = (
			);
			dependencies = (
				21A2C2381D38747600BA708F /* PBXTargetDependency */,
			);
			name = ThingsToDoUITests;
			productName = ThingsToDoUITests;
			productReference = 21A2C2361D38747600BA708F /* ThingsToDoUITests.xctest */;
			productType = "com.apple.product-type.bundle.ui-testing";
		};
/* End PBXNativeTarget section */

/* Begin PBXProject section */
		21A2C20C1D38747500BA708F /* Project object */ = {
			isa = PBXProject;
			attributes = {
				LastSwiftUpdateCheck = 0730;
				LastUpgradeCheck = 0730;
				ORGANIZATIONNAME = "james wikaira";
				TargetAttributes = {
					21A2C2131D38747500BA708F = {
						CreatedOnToolsVersion = 7.3.1;
						DevelopmentTeam = 9ZE7GW2WF2;
					};
					21A2C22A1D38747600BA708F = {
						CreatedOnToolsVersion = 7.3.1;
						TestTargetID = 21A2C2131D38747500BA708F;
					};
					21A2C2351D38747600BA708F = {
						CreatedOnToolsVersion = 7.3.1;
						TestTargetID = 21A2C2131D38747500BA708F;
					};
				};
			};
			buildConfigurationList = 21A2C20F1D38747500BA708F /* Build configuration list for PBXProject "ThingsToDo" */;
			compatibilityVersion = "Xcode 3.2";
			developmentRegion = English;
			hasScannedForEncodings = 0;
			knownRegions = (
				en,
				Base,
			);
			mainGroup = 21A2C20B1D38747500BA708F;
			productRefGroup = 21A2C2151D38747500BA708F /* Products */;
			projectDirPath = "";
			projectRoot = "";
			targets = (
				21A2C2131D38747500BA708F /* ThingsToDo */,
				21A2C22A1D38747600BA708F /* ThingsToDoTests */,
				21A2C2351D38747600BA708F /* ThingsToDoUITests */,
			);
		};
/* End PBXProject section */

/* Begin PBXResourcesBuildPhase section */
		21A2C2121D38747500BA708F /* Resources */ = {
			isa = PBXResourcesBuildPhase;
			buildActionMask = 2147483647;
			files = (
				21A2C2251D38747600BA708F /* LaunchScreen.storyboard in Resources */,
				21A2C2221D38747600BA708F /* Assets.xcassets in Resources */,
				21A2C21D1D38747600BA708F /* Main.storyboard in Resources */,
			);
			runOnlyForDeploymentPostprocessing = 0;
		};
		21A2C2291D38747600BA708F /* Resources */ = {
			isa = PBXResourcesBuildPhase;
			buildActionMask = 2147483647;
			files = (
			);
			runOnlyForDeploymentPostprocessing = 0;
		};
		21A2C2341D38747600BA708F /* Resources */ = {
			isa = PBXResourcesBuildPhase;
			buildActionMask = 2147483647;
			files = (
			);
			runOnlyForDeploymentPostprocessing = 0;
		};
/* End PBXResourcesBuildPhase section */

/* Begin PBXSourcesBuildPhase section */
		21A2C2101D38747500BA708F /* Sources */ = {
			isa = PBXSourcesBuildPhase;
			buildActionMask = 2147483647;
			files = (
				21C196C71D389C3F0057AEAF /* TabBarViewController.swift in Sources */,
				21C196C91D389CA20057AEAF /* TransitioningObject.swift in Sources */,
				21A2C21A1D38747500BA708F /* LoginVC.swift in Sources */,
				21A2C2181D38747500BA708F /* AppDelegate.swift in Sources */,
				21A2C2201D38747600BA708F /* ThingsToDo.xcdatamodeld in Sources */,
				21C196BE1D387D3B0057AEAF /* FoldersTVC.swift in Sources */,
			);
			runOnlyForDeploymentPostprocessing = 0;
		};
		21A2C2271D38747600BA708F /* Sources */ = {
			isa = PBXSourcesBuildPhase;
			buildActionMask = 2147483647;
			files = (
				21A2C2301D38747600BA708F /* ThingsToDoTests.swift in Sources */,
			);
			runOnlyForDeploymentPostprocessing = 0;
		};
		21A2C2321D38747600BA708F /* Sources */ = {
			isa = PBXSourcesBuildPhase;
			buildActionMask = 2147483647;
			files = (
				21A2C23B1D38747600BA708F /* ThingsToDoUITests.swift in Sources */,
			);
			runOnlyForDeploymentPostprocessing = 0;
		};
/* End PBXSourcesBuildPhase section */

/* Begin PBXTargetDependency section */
		21A2C22D1D38747600BA708F /* PBXTargetDependency */ = {
			isa = PBXTargetDependency;
			target = 21A2C2131D38747500BA708F /* ThingsToDo */;
			targetProxy = 21A2C22C1D38747600BA708F /* PBXContainerItemProxy */;
		};
		21A2C2381D38747600BA708F /* PBXTargetDependency */ = {
			isa = PBXTargetDependency;
			target = 21A2C2131D38747500BA708F /* ThingsToDo */;
			targetProxy = 21A2C2371D38747600BA708F /* PBXContainerItemProxy */;
		};
/* End PBXTargetDependency section */

/* Begin PBXVariantGroup section */
		21A2C21B1D38747600BA708F /* Main.storyboard */ = {
			isa = PBXVariantGroup;
			children = (
				21A2C21C1D38747600BA708F /* Base */,
			);
			name = Main.storyboard;
			sourceTree = "<group>";
		};
		21A2C2231D38747600BA708F /* LaunchScreen.storyboard */ = {
			isa = PBXVariantGroup;
			children = (
				21A2C2241D38747600BA708F /* Base */,
			);
			name = LaunchScreen.storyboard;
			sourceTree = "<group>";
		};
/* End PBXVariantGroup section */

/* Begin XCBuildConfiguration section */
		21A2C23D1D38747600BA708F /* Debug */ = {
			isa = XCBuildConfiguration;
			buildSettings = {
				ALWAYS_SEARCH_USER_PATHS = NO;
				CLANG_ANALYZER_NONNULL = YES;
				CLANG_CXX_LANGUAGE_STANDARD = "gnu++0x";
				CLANG_CXX_LIBRARY = "libc++";
				CLANG_ENABLE_MODULES = YES;
				CLANG_ENABLE_OBJC_ARC = YES;
				CLANG_WARN_BOOL_CONVERSION = YES;
				CLANG_WARN_CONSTANT_CONVERSION = YES;
				CLANG_WARN_DIRECT_OBJC_ISA_USAGE = YES_ERROR;
				CLANG_WARN_EMPTY_BODY = YES;
				CLANG_WARN_ENUM_CONVERSION = YES;
				CLANG_WARN_INT_CONVERSION = YES;
				CLANG_WARN_OBJC_ROOT_CLASS = YES_ERROR;
				CLANG_WARN_UNREACHABLE_CODE = YES;
				CLANG_WARN__DUPLICATE_METHOD_MATCH = YES;
				"CODE_SIGN_IDENTITY[sdk=iphoneos*]" = "iPhone Developer";
				COPY_PHASE_STRIP = NO;
				DEBUG_INFORMATION_FORMAT = dwarf;
				ENABLE_STRICT_OBJC_MSGSEND = YES;
				ENABLE_TESTABILITY = YES;
				GCC_C_LANGUAGE_STANDARD = gnu99;
				GCC_DYNAMIC_NO_PIC = NO;
				GCC_NO_COMMON_BLOCKS = YES;
				GCC_OPTIMIZATION_LEVEL = 0;
				GCC_PREPROCESSOR_DEFINITIONS = (
					"DEBUG=1",
					"$(inherited)",
				);
				GCC_WARN_64_TO_32_BIT_CONVERSION = YES;
				GCC_WARN_ABOUT_RETURN_TYPE = YES_ERROR;
				GCC_WARN_UNDECLARED_SELECTOR = YES;
				GCC_WARN_UNINITIALIZED_AUTOS = YES_AGGRESSIVE;
				GCC_WARN_UNUSED_FUNCTION = YES;
				GCC_WARN_UNUSED_VARIABLE = YES;
				IPHONEOS_DEPLOYMENT_TARGET = 9.3;
				MTL_ENABLE_DEBUG_INFO = YES;
				ONLY_ACTIVE_ARCH = YES;
				SDKROOT = iphoneos;
				SWIFT_OPTIMIZATION_LEVEL = "-Onone";
			};
			name = Debug;
		};
		21A2C23E1D38747600BA708F /* Release */ = {
			isa = XCBuildConfiguration;
			buildSettings = {
				ALWAYS_SEARCH_USER_PATHS = NO;
				CLANG_ANALYZER_NONNULL = YES;
				CLANG_CXX_LANGUAGE_STANDARD = "gnu++0x";
				CLANG_CXX_LIBRARY = "libc++";
				CLANG_ENABLE_MODULES = YES;
				CLANG_ENABLE_OBJC_ARC = YES;
				CLANG_WARN_BOOL_CONVERSION = YES;
				CLANG_WARN_CONSTANT_CONVERSION = YES;
				CLANG_WARN_DIRECT_OBJC_ISA_USAGE = YES_ERROR;
				CLANG_WARN_EMPTY_BODY = YES;
				CLANG_WARN_ENUM_CONVERSION = YES;
				CLANG_WARN_INT_CONVERSION = YES;
				CLANG_WARN_OBJC_ROOT_CLASS = YES_ERROR;
				CLANG_WARN_UNREACHABLE_CODE = YES;
				CLANG_WARN__DUPLICATE_METHOD_MATCH = YES;
				"CODE_SIGN_IDENTITY[sdk=iphoneos*]" = "iPhone Developer";
				COPY_PHASE_STRIP = NO;
				DEBUG_INFORMATION_FORMAT = "dwarf-with-dsym";
				ENABLE_NS_ASSERTIONS = NO;
				ENABLE_STRICT_OBJC_MSGSEND = YES;
				GCC_C_LANGUAGE_STANDARD = gnu99;
				GCC_NO_COMMON_BLOCKS = YES;
				GCC_WARN_64_TO_32_BIT_CONVERSION = YES;
				GCC_WARN_ABOUT_RETURN_TYPE = YES_ERROR;
				GCC_WARN_UNDECLARED_SELECTOR = YES;
				GCC_WARN_UNINITIALIZED_AUTOS = YES_AGGRESSIVE;
				GCC_WARN_UNUSED_FUNCTION = YES;
				GCC_WARN_UNUSED_VARIABLE = YES;
				IPHONEOS_DEPLOYMENT_TARGET = 9.3;
				MTL_ENABLE_DEBUG_INFO = NO;
				SDKROOT = iphoneos;
				VALIDATE_PRODUCT = YES;
			};
			name = Release;
		};
		21A2C2401D38747600BA708F /* Debug */ = {
			isa = XCBuildConfiguration;
			buildSettings = {
				ASSETCATALOG_COMPILER_APPICON_NAME = AppIcon;
				CODE_SIGN_IDENTITY = "iPhone Developer";
				INFOPLIST_FILE = ThingsToDo/Info.plist;
				LD_RUNPATH_SEARCH_PATHS = "$(inherited) @executable_path/Frameworks";
				PRODUCT_BUNDLE_IDENTIFIER = com.littejamjar.ThingsToDo;
				PRODUCT_NAME = "$(TARGET_NAME)";
			};
			name = Debug;
		};
		21A2C2411D38747600BA708F /* Release */ = {
			isa = XCBuildConfiguration;
			buildSettings = {
				ASSETCATALOG_COMPILER_APPICON_NAME = AppIcon;
				CODE_SIGN_IDENTITY = "iPhone Developer";
				INFOPLIST_FILE = ThingsToDo/Info.plist;
				LD_RUNPATH_SEARCH_PATHS = "$(inherited) @executable_path/Frameworks";
				PRODUCT_BUNDLE_IDENTIFIER = com.littejamjar.ThingsToDo;
				PRODUCT_NAME = "$(TARGET_NAME)";
			};
			name = Release;
		};
		21A2C2431D38747600BA708F /* Debug */ = {
			isa = XCBuildConfiguration;
			buildSettings = {
				BUNDLE_LOADER = "$(TEST_HOST)";
				INFOPLIST_FILE = ThingsToDoTests/Info.plist;
				LD_RUNPATH_SEARCH_PATHS = "$(inherited) @executable_path/Frameworks @loader_path/Frameworks";
				PRODUCT_BUNDLE_IDENTIFIER = com.littejamjar.ThingsToDoTests;
				PRODUCT_NAME = "$(TARGET_NAME)";
				TEST_HOST = "$(BUILT_PRODUCTS_DIR)/ThingsToDo.app/ThingsToDo";
			};
			name = Debug;
		};
		21A2C2441D38747600BA708F /* Release */ = {
			isa = XCBuildConfiguration;
			buildSettings = {
				BUNDLE_LOADER = "$(TEST_HOST)";
				INFOPLIST_FILE = ThingsToDoTests/Info.plist;
				LD_RUNPATH_SEARCH_PATHS = "$(inherited) @executable_path/Frameworks @loader_path/Frameworks";
				PRODUCT_BUNDLE_IDENTIFIER = com.littejamjar.ThingsToDoTests;
				PRODUCT_NAME = "$(TARGET_NAME)";
				TEST_HOST = "$(BUILT_PRODUCTS_DIR)/ThingsToDo.app/ThingsToDo";
			};
			name = Release;
		};
		21A2C2461D38747600BA708F /* Debug */ = {
			isa = XCBuildConfiguration;
			buildSettings = {
				INFOPLIST_FILE = ThingsToDoUITests/Info.plist;
				LD_RUNPATH_SEARCH_PATHS = "$(inherited) @executable_path/Frameworks @loader_path/Frameworks";
				PRODUCT_BUNDLE_IDENTIFIER = com.littejamjar.ThingsToDoUITests;
				PRODUCT_NAME = "$(TARGET_NAME)";
				TEST_TARGET_NAME = ThingsToDo;
			};
			name = Debug;
		};
		21A2C2471D38747600BA708F /* Release */ = {
			isa = XCBuildConfiguration;
			buildSettings = {
				INFOPLIST_FILE = ThingsToDoUITests/Info.plist;
				LD_RUNPATH_SEARCH_PATHS = "$(inherited) @executable_path/Frameworks @loader_path/Frameworks";
				PRODUCT_BUNDLE_IDENTIFIER = com.littejamjar.ThingsToDoUITests;
				PRODUCT_NAME = "$(TARGET_NAME)";
				TEST_TARGET_NAME = ThingsToDo;
			};
			name = Release;
		};
/* End XCBuildConfiguration section */

/* Begin XCConfigurationList section */
		21A2C20F1D38747500BA708F /* Build configuration list for PBXProject "ThingsToDo" */ = {
			isa = XCConfigurationList;
			buildConfigurations = (
				21A2C23D1D38747600BA708F /* Debug */,
				21A2C23E1D38747600BA708F /* Release */,
			);
			defaultConfigurationIsVisible = 0;
			defaultConfigurationName = Release;
		};
		21A2C23F1D38747600BA708F /* Build configuration list for PBXNativeTarget "ThingsToDo" */ = {
			isa = XCConfigurationList;
			buildConfigurations = (
				21A2C2401D38747600BA708F /* Debug */,
				21A2C2411D38747600BA708F /* Release */,
			);
			defaultConfigurationIsVisible = 0;
			defaultConfigurationName = Release;
		};
		21A2C2421D38747600BA708F /* Build configuration list for PBXNativeTarget "ThingsToDoTests" */ = {
			isa = XCConfigurationList;
			buildConfigurations = (
				21A2C2431D38747600BA708F /* Debug */,
				21A2C2441D38747600BA708F /* Release */,
			);
			defaultConfigurationIsVisible = 0;
			defaultConfigurationName = Release;
		};
		21A2C2451D38747600BA708F /* Build configuration list for PBXNativeTarget "ThingsToDoUITests" */ = {
			isa = XCConfigurationList;
			buildConfigurations = (
				21A2C2461D38747600BA708F /* Debug */,
				21A2C2471D38747600BA708F /* Release */,
			);
			defaultConfigurationIsVisible = 0;
			defaultConfigurationName = Release;
		};
/* End XCConfigurationList section */

/* Begin XCVersionGroup section */
		21A2C21E1D38747600BA708F /* ThingsToDo.xcdatamodeld */ = {
			isa = XCVersionGroup;
			children = (
				21A2C21F1D38747600BA708F /* ThingsToDo.xcdatamodel */,
			);
			currentVersion = 21A2C21F1D38747600BA708F /* ThingsToDo.xcdatamodel */;
			path = ThingsToDo.xcdatamodeld;
			sourceTree = "<group>";
			versionGroupType = wrapper.xcdatamodel;
		};
/* End XCVersionGroup section */
	};
	rootObject = 21A2C20C1D38747500BA708F /* Project object */;
}
